// !$*UTF8*$!
{
	archiveVersion = 1;
	classes = {
	};
	objectVersion = 48;
	objects = {

/* Begin PBXBuildFile section */
		463D3AC81FB644D20097C08E /* AppDelegate.swift in Sources */ = {isa = PBXBuildFile; fileRef = 463D3AC71FB644D20097C08E /* AppDelegate.swift */; };
		463D3ACA1FB644D20097C08E /* ViewController.swift in Sources */ = {isa = PBXBuildFile; fileRef = 463D3AC91FB644D20097C08E /* ViewController.swift */; };
		463D3ACD1FB644D20097C08E /* Main.storyboard in Resources */ = {isa = PBXBuildFile; fileRef = 463D3ACB1FB644D20097C08E /* Main.storyboard */; };
		463D3ACF1FB644D20097C08E /* Assets.xcassets in Resources */ = {isa = PBXBuildFile; fileRef = 463D3ACE1FB644D20097C08E /* Assets.xcassets */; };
		463D3AD21FB644D20097C08E /* LaunchScreen.storyboard in Resources */ = {isa = PBXBuildFile; fileRef = 463D3AD01FB644D20097C08E /* LaunchScreen.storyboard */; };
		463D3ADD1FB644D20097C08E /* FlixTests.swift in Sources */ = {isa = PBXBuildFile; fileRef = 463D3ADC1FB644D20097C08E /* FlixTests.swift */; };
		463D3AE81FB644D20097C08E /* FlixUITests.swift in Sources */ = {isa = PBXBuildFile; fileRef = 463D3AE71FB644D20097C08E /* FlixUITests.swift */; };
/* End PBXBuildFile section */

/* Begin PBXContainerItemProxy section */
		463D3AD91FB644D20097C08E /* PBXContainerItemProxy */ = {
			isa = PBXContainerItemProxy;
			containerPortal = 463D3ABC1FB644D20097C08E /* Project object */;
			proxyType = 1;
			remoteGlobalIDString = 463D3AC31FB644D20097C08E;
			remoteInfo = Flix;
		};
		463D3AE41FB644D20097C08E /* PBXContainerItemProxy */ = {
			isa = PBXContainerItemProxy;
			containerPortal = 463D3ABC1FB644D20097C08E /* Project object */;
			proxyType = 1;
			remoteGlobalIDString = 463D3AC31FB644D20097C08E;
			remoteInfo = Flix;
		};
/* End PBXContainerItemProxy section */

/* Begin PBXFileReference section */
		463D3AC41FB644D20097C08E /* Flix.app */ = {isa = PBXFileReference; explicitFileType = wrapper.application; includeInIndex = 0; path = Flix.app; sourceTree = BUILT_PRODUCTS_DIR; };
		463D3AC71FB644D20097C08E /* AppDelegate.swift */ = {isa = PBXFileReference; lastKnownFileType = sourcecode.swift; path = AppDelegate.swift; sourceTree = "<group>"; };
		463D3AC91FB644D20097C08E /* ViewController.swift */ = {isa = PBXFileReference; lastKnownFileType = sourcecode.swift; path = ViewController.swift; sourceTree = "<group>"; };
		463D3ACC1FB644D20097C08E /* Base */ = {isa = PBXFileReference; lastKnownFileType = file.storyboard; name = Base; path = Base.lproj/Main.storyboard; sourceTree = "<group>"; };
		463D3ACE1FB644D20097C08E /* Assets.xcassets */ = {isa = PBXFileReference; lastKnownFileType = folder.assetcatalog; path = Assets.xcassets; sourceTree = "<group>"; };
		463D3AD11FB644D20097C08E /* Base */ = {isa = PBXFileReference; lastKnownFileType = file.storyboard; name = Base; path = Base.lproj/LaunchScreen.storyboard; sourceTree = "<group>"; };
		463D3AD31FB644D20097C08E /* Info.plist */ = {isa = PBXFileReference; lastKnownFileType = text.plist.xml; path = Info.plist; sourceTree = "<group>"; };
		463D3AD81FB644D20097C08E /* FlixTests.xctest */ = {isa = PBXFileReference; explicitFileType = wrapper.cfbundle; includeInIndex = 0; path = FlixTests.xctest; sourceTree = BUILT_PRODUCTS_DIR; };
		463D3ADC1FB644D20097C08E /* FlixTests.swift */ = {isa = PBXFileReference; lastKnownFileType = sourcecode.swift; path = FlixTests.swift; sourceTree = "<group>"; };
		463D3ADE1FB644D20097C08E /* Info.plist */ = {isa = PBXFileReference; lastKnownFileType = text.plist.xml; path = Info.plist; sourceTree = "<group>"; };
		463D3AE31FB644D20097C08E /* FlixUITests.xctest */ = {isa = PBXFileReference; explicitFileType = wrapper.cfbundle; includeInIndex = 0; path = FlixUITests.xctest; sourceTree = BUILT_PRODUCTS_DIR; };
		463D3AE71FB644D20097C08E /* FlixUITests.swift */ = {isa = PBXFileReference; lastKnownFileType = sourcecode.swift; path = FlixUITests.swift; sourceTree = "<group>"; };
		463D3AE91FB644D20097C08E /* Info.plist */ = {isa = PBXFileReference; lastKnownFileType = text.plist.xml; path = Info.plist; sourceTree = "<group>"; };
/* End PBXFileReference section */

/* Begin PBXFrameworksBuildPhase section */
		463D3AC11FB644D20097C08E /* Frameworks */ = {
			isa = PBXFrameworksBuildPhase;
			buildActionMask = 2147483647;
			files = (
			);
			runOnlyForDeploymentPostprocessing = 0;
		};
		463D3AD51FB644D20097C08E /* Frameworks */ = {
			isa = PBXFrameworksBuildPhase;
			buildActionMask = 2147483647;
			files = (
			);
			runOnlyForDeploymentPostprocessing = 0;
		};
		463D3AE01FB644D20097C08E /* Frameworks */ = {
			isa = PBXFrameworksBuildPhase;
			buildActionMask = 2147483647;
			files = (
			);
			runOnlyForDeploymentPostprocessing = 0;
		};
/* End PBXFrameworksBuildPhase section */

/* Begin PBXGroup section */
		463D3ABB1FB644D20097C08E = {
			isa = PBXGroup;
			children = (
				463D3AC61FB644D20097C08E /* Flix */,
				463D3ADB1FB644D20097C08E /* FlixTests */,
				463D3AE61FB644D20097C08E /* FlixUITests */,
				463D3AC51FB644D20097C08E /* Products */,
			);
			sourceTree = "<group>";
		};
		463D3AC51FB644D20097C08E /* Products */ = {
			isa = PBXGroup;
			children = (
				463D3AC41FB644D20097C08E /* Flix.app */,
				463D3AD81FB644D20097C08E /* FlixTests.xctest */,
				463D3AE31FB644D20097C08E /* FlixUITests.xctest */,
			);
			name = Products;
			sourceTree = "<group>";
		};
		463D3AC61FB644D20097C08E /* Flix */ = {
			isa = PBXGroup;
			children = (
				463D3AC71FB644D20097C08E /* AppDelegate.swift */,
				463D3AC91FB644D20097C08E /* ViewController.swift */,
				463D3ACB1FB644D20097C08E /* Main.storyboard */,
				463D3ACE1FB644D20097C08E /* Assets.xcassets */,
				463D3AD01FB644D20097C08E /* LaunchScreen.storyboard */,
				463D3AD31FB644D20097C08E /* Info.plist */,
			);
			path = Flix;
			sourceTree = "<group>";
		};
		463D3ADB1FB644D20097C08E /* FlixTests */ = {
			isa = PBXGroup;
			children = (
				463D3ADC1FB644D20097C08E /* FlixTests.swift */,
				463D3ADE1FB644D20097C08E /* Info.plist */,
			);
			path = FlixTests;
			sourceTree = "<group>";
		};
		463D3AE61FB644D20097C08E /* FlixUITests */ = {
			isa = PBXGroup;
			children = (
				463D3AE71FB644D20097C08E /* FlixUITests.swift */,
				463D3AE91FB644D20097C08E /* Info.plist */,
			);
			path = FlixUITests;
			sourceTree = "<group>";
		};
/* End PBXGroup section */

/* Begin PBXNativeTarget section */
		463D3AC31FB644D20097C08E /* Flix */ = {
			isa = PBXNativeTarget;
			buildConfigurationList = 463D3AEC1FB644D20097C08E /* Build configuration list for PBXNativeTarget "Flix" */;
			buildPhases = (
				463D3AC01FB644D20097C08E /* Sources */,
				463D3AC11FB644D20097C08E /* Frameworks */,
				463D3AC21FB644D20097C08E /* Resources */,
			);
			buildRules = (
			);
			dependencies = (
			);
			name = Flix;
			productName = Flix;
			productReference = 463D3AC41FB644D20097C08E /* Flix.app */;
			productType = "com.apple.product-type.application";
		};
		463D3AD71FB644D20097C08E /* FlixTests */ = {
			isa = PBXNativeTarget;
			buildConfigurationList = 463D3AEF1FB644D20097C08E /* Build configuration list for PBXNativeTarget "FlixTests" */;
			buildPhases = (
				463D3AD41FB644D20097C08E /* Sources */,
				463D3AD51FB644D20097C08E /* Frameworks */,
				463D3AD61FB644D20097C08E /* Resources */,
			);
			buildRules = (
			);
			dependencies = (
				463D3ADA1FB644D20097C08E /* PBXTargetDependency */,
			);
			name = FlixTests;
			productName = FlixTests;
			productReference = 463D3AD81FB644D20097C08E /* FlixTests.xctest */;
			productType = "com.apple.product-type.bundle.unit-test";
		};
		463D3AE21FB644D20097C08E /* FlixUITests */ = {
			isa = PBXNativeTarget;
			buildConfigurationList = 463D3AF21FB644D20097C08E /* Build configuration list for PBXNativeTarget "FlixUITests" */;
			buildPhases = (
				463D3ADF1FB644D20097C08E /* Sources */,
				463D3AE01FB644D20097C08E /* Frameworks */,
				463D3AE11FB644D20097C08E /* Resources */,
			);
			buildRules = (
			);
			dependencies = (
				463D3AE51FB644D20097C08E /* PBXTargetDependency */,
			);
			name = FlixUITests;
			productName = FlixUITests;
			productReference = 463D3AE31FB644D20097C08E /* FlixUITests.xctest */;
			productType = "com.apple.product-type.bundle.ui-testing";
		};
/* End PBXNativeTarget section */

/* Begin PBXProject section */
		463D3ABC1FB644D20097C08E /* Project object */ = {
			isa = PBXProject;
			attributes = {
				LastSwiftUpdateCheck = 0910;
				LastUpgradeCheck = 0910;
				ORGANIZATIONNAME = "Youssef Elabd";
				TargetAttributes = {
					463D3AC31FB644D20097C08E = {
						CreatedOnToolsVersion = 9.1;
						ProvisioningStyle = Automatic;
					};
					463D3AD71FB644D20097C08E = {
						CreatedOnToolsVersion = 9.1;
						ProvisioningStyle = Automatic;
						TestTargetID = 463D3AC31FB644D20097C08E;
					};
					463D3AE21FB644D20097C08E = {
						CreatedOnToolsVersion = 9.1;
						ProvisioningStyle = Automatic;
						TestTargetID = 463D3AC31FB644D20097C08E;
					};
				};
			};
			buildConfigurationList = 463D3ABF1FB644D20097C08E /* Build configuration list for PBXProject "Flix" */;
			compatibilityVersion = "Xcode 8.0";
			developmentRegion = en;
			hasScannedForEncodings = 0;
			knownRegions = (
				en,
				Base,
			);
			mainGroup = 463D3ABB1FB644D20097C08E;
			productRefGroup = 463D3AC51FB644D20097C08E /* Products */;
			projectDirPath = "";
			projectRoot = "";
			targets = (
				463D3AC31FB644D20097C08E /* Flix */,
				463D3AD71FB644D20097C08E /* FlixTests */,
				463D3AE21FB644D20097C08E /* FlixUITests */,
			);
		};
/* End PBXProject section */

/* Begin PBXResourcesBuildPhase section */
		463D3AC21FB644D20097C08E /* Resources */ = {
			isa = PBXResourcesBuildPhase;
			buildActionMask = 2147483647;
			files = (
				463D3AD21FB644D20097C08E /* LaunchScreen.storyboard in Resources */,
				463D3ACF1FB644D20097C08E /* Assets.xcassets in Resources */,
				463D3ACD1FB644D20097C08E /* Main.storyboard in Resources */,
			);
			runOnlyForDeploymentPostprocessing = 0;
		};
		463D3AD61FB644D20097C08E /* Resources */ = {
			isa = PBXResourcesBuildPhase;
			buildActionMask = 2147483647;
			files = (
			);
			runOnlyForDeploymentPostprocessing = 0;
		};
		463D3AE11FB644D20097C08E /* Resources */ = {
			isa = PBXResourcesBuildPhase;
			buildActionMask = 2147483647;
			files = (
			);
			runOnlyForDeploymentPostprocessing = 0;
		};
/* End PBXResourcesBuildPhase section */

/* Begin PBXSourcesBuildPhase section */
		463D3AC01FB644D20097C08E /* Sources */ = {
			isa = PBXSourcesBuildPhase;
			buildActionMask = 2147483647;
			files = (
				463D3ACA1FB644D20097C08E /* ViewController.swift in Sources */,
				463D3AC81FB644D20097C08E /* AppDelegate.swift in Sources */,
			);
			runOnlyForDeploymentPostprocessing = 0;
		};
		463D3AD41FB644D20097C08E /* Sources */ = {
			isa = PBXSourcesBuildPhase;
			buildActionMask = 2147483647;
			files = (
				463D3ADD1FB644D20097C08E /* FlixTests.swift in Sources */,
			);
			runOnlyForDeploymentPostprocessing = 0;
		};
		463D3ADF1FB644D20097C08E /* Sources */ = {
			isa = PBXSourcesBuildPhase;
			buildActionMask = 2147483647;
			files = (
				463D3AE81FB644D20097C08E /* FlixUITests.swift in Sources */,
			);
			runOnlyForDeploymentPostprocessing = 0;
		};
/* End PBXSourcesBuildPhase section */

/* Begin PBXTargetDependency section */
		463D3ADA1FB644D20097C08E /* PBXTargetDependency */ = {
			isa = PBXTargetDependency;
			target = 463D3AC31FB644D20097C08E /* Flix */;
			targetProxy = 463D3AD91FB644D20097C08E /* PBXContainerItemProxy */;
		};
		463D3AE51FB644D20097C08E /* PBXTargetDependency */ = {
			isa = PBXTargetDependency;
			target = 463D3AC31FB644D20097C08E /* Flix */;
			targetProxy = 463D3AE41FB644D20097C08E /* PBXContainerItemProxy */;
		};
/* End PBXTargetDependency section */

/* Begin PBXVariantGroup section */
		463D3ACB1FB644D20097C08E /* Main.storyboard */ = {
			isa = PBXVariantGroup;
			children = (
				463D3ACC1FB644D20097C08E /* Base */,
			);
			name = Main.storyboard;
			sourceTree = "<group>";
		};
		463D3AD01FB644D20097C08E /* LaunchScreen.storyboard */ = {
			isa = PBXVariantGroup;
			children = (
				463D3AD11FB644D20097C08E /* Base */,
			);
			name = LaunchScreen.storyboard;
			sourceTree = "<group>";
		};
/* End PBXVariantGroup section */

/* Begin XCBuildConfiguration section */
		463D3AEA1FB644D20097C08E /* Debug */ = {
			isa = XCBuildConfiguration;
			buildSettings = {
				ALWAYS_SEARCH_USER_PATHS = NO;
				CLANG_ANALYZER_NONNULL = YES;
				CLANG_ANALYZER_NUMBER_OBJECT_CONVERSION = YES_AGGRESSIVE;
				CLANG_CXX_LANGUAGE_STANDARD = "gnu++14";
				CLANG_CXX_LIBRARY = "libc++";
				CLANG_ENABLE_MODULES = YES;
				CLANG_ENABLE_OBJC_ARC = YES;
				CLANG_WARN_BLOCK_CAPTURE_AUTORELEASING = YES;
				CLANG_WARN_BOOL_CONVERSION = YES;
				CLANG_WARN_COMMA = YES;
				CLANG_WARN_CONSTANT_CONVERSION = YES;
				CLANG_WARN_DIRECT_OBJC_ISA_USAGE = YES_ERROR;
				CLANG_WARN_DOCUMENTATION_COMMENTS = YES;
				CLANG_WARN_EMPTY_BODY = YES;
				CLANG_WARN_ENUM_CONVERSION = YES;
				CLANG_WARN_INFINITE_RECURSION = YES;
				CLANG_WARN_INT_CONVERSION = YES;
				CLANG_WARN_NON_LITERAL_NULL_CONVERSION = YES;
				CLANG_WARN_OBJC_LITERAL_CONVERSION = YES;
				CLANG_WARN_OBJC_ROOT_CLASS = YES_ERROR;
				CLANG_WARN_RANGE_LOOP_ANALYSIS = YES;
				CLANG_WARN_STRICT_PROTOTYPES = YES;
				CLANG_WARN_SUSPICIOUS_MOVE = YES;
				CLANG_WARN_UNGUARDED_AVAILABILITY = YES_AGGRESSIVE;
				CLANG_WARN_UNREACHABLE_CODE = YES;
				CLANG_WARN__DUPLICATE_METHOD_MATCH = YES;
				CODE_SIGN_IDENTITY = "iPhone Developer";
				COPY_PHASE_STRIP = NO;
				DEBUG_INFORMATION_FORMAT = dwarf;
				ENABLE_STRICT_OBJC_MSGSEND = YES;
				ENABLE_TESTABILITY = YES;
				GCC_C_LANGUAGE_STANDARD = gnu11;
				GCC_DYNAMIC_NO_PIC = NO;
				GCC_NO_COMMON_BLOCKS = YES;
				GCC_OPTIMIZATION_LEVEL = 0;
				GCC_PREPROCESSOR_DEFINITIONS = (
					"DEBUG=1",
					"$(inherited)",
				);
				GCC_WARN_64_TO_32_BIT_CONVERSION = YES;
				GCC_WARN_ABOUT_RETURN_TYPE = YES_ERROR;
				GCC_WARN_UNDECLARED_SELECTOR = YES;
				GCC_WARN_UNINITIALIZED_AUTOS = YES_AGGRESSIVE;
				GCC_WARN_UNUSED_FUNCTION = YES;
				GCC_WARN_UNUSED_VARIABLE = YES;
				IPHONEOS_DEPLOYMENT_TARGET = 11.1;
				MTL_ENABLE_DEBUG_INFO = YES;
				ONLY_ACTIVE_ARCH = YES;
				SDKROOT = iphoneos;
				SWIFT_ACTIVE_COMPILATION_CONDITIONS = DEBUG;
				SWIFT_OPTIMIZATION_LEVEL = "-Onone";
			};
			name = Debug;
		};
		463D3AEB1FB644D20097C08E /* Release */ = {
			isa = XCBuildConfiguration;
			buildSettings = {
				ALWAYS_SEARCH_USER_PATHS = NO;
				CLANG_ANALYZER_NONNULL = YES;
				CLANG_ANALYZER_NUMBER_OBJECT_CONVERSION = YES_AGGRESSIVE;
				CLANG_CXX_LANGUAGE_STANDARD = "gnu++14";
				CLANG_CXX_LIBRARY = "libc++";
				CLANG_ENABLE_MODULES = YES;
				CLANG_ENABLE_OBJC_ARC = YES;
				CLANG_WARN_BLOCK_CAPTURE_AUTORELEASING = YES;
				CLANG_WARN_BOOL_CONVERSION = YES;
				CLANG_WARN_COMMA = YES;
				CLANG_WARN_CONSTANT_CONVERSION = YES;
				CLANG_WARN_DIRECT_OBJC_ISA_USAGE = YES_ERROR;
				CLANG_WARN_DOCUMENTATION_COMMENTS = YES;
				CLANG_WARN_EMPTY_BODY = YES;
				CLANG_WARN_ENUM_CONVERSION = YES;
				CLANG_WARN_INFINITE_RECURSION = YES;
				CLANG_WARN_INT_CONVERSION = YES;
				CLANG_WARN_NON_LITERAL_NULL_CONVERSION = YES;
				CLANG_WARN_OBJC_LITERAL_CONVERSION = YES;
				CLANG_WARN_OBJC_ROOT_CLASS = YES_ERROR;
				CLANG_WARN_RANGE_LOOP_ANALYSIS = YES;
				CLANG_WARN_STRICT_PROTOTYPES = YES;
				CLANG_WARN_SUSPICIOUS_MOVE = YES;
				CLANG_WARN_UNGUARDED_AVAILABILITY = YES_AGGRESSIVE;
				CLANG_WARN_UNREACHABLE_CODE = YES;
				CLANG_WARN__DUPLICATE_METHOD_MATCH = YES;
				CODE_SIGN_IDENTITY = "iPhone Developer";
				COPY_PHASE_STRIP = NO;
				DEBUG_INFORMATION_FORMAT = "dwarf-with-dsym";
				ENABLE_NS_ASSERTIONS = NO;
				ENABLE_STRICT_OBJC_MSGSEND = YES;
				GCC_C_LANGUAGE_STANDARD = gnu11;
				GCC_NO_COMMON_BLOCKS = YES;
				GCC_WARN_64_TO_32_BIT_CONVERSION = YES;
				GCC_WARN_ABOUT_RETURN_TYPE = YES_ERROR;
				GCC_WARN_UNDECLARED_SELECTOR = YES;
				GCC_WARN_UNINITIALIZED_AUTOS = YES_AGGRESSIVE;
				GCC_WARN_UNUSED_FUNCTION = YES;
				GCC_WARN_UNUSED_VARIABLE = YES;
				IPHONEOS_DEPLOYMENT_TARGET = 11.1;
				MTL_ENABLE_DEBUG_INFO = NO;
				SDKROOT = iphoneos;
				SWIFT_OPTIMIZATION_LEVEL = "-Owholemodule";
				VALIDATE_PRODUCT = YES;
			};
			name = Release;
		};
		463D3AED1FB644D20097C08E /* Debug */ = {
			isa = XCBuildConfiguration;
			buildSettings = {
				ASSETCATALOG_COMPILER_APPICON_NAME = AppIcon;
				CODE_SIGN_STYLE = Automatic;
				DEVELOPMENT_TEAM = 947H8H8XTC;
				INFOPLIST_FILE = Flix/Info.plist;
				LD_RUNPATH_SEARCH_PATHS = "$(inherited) @executable_path/Frameworks";
				PRODUCT_BUNDLE_IDENTIFIER = youssef.Flix;
				PRODUCT_NAME = "$(TARGET_NAME)";
				SWIFT_VERSION = 4.0;
				TARGETED_DEVICE_FAMILY = "1,2";
			};
			name = Debug;
		};
		463D3AEE1FB644D20097C08E /* Release */ = {
			isa = XCBuildConfiguration;
			buildSettings = {
				ASSETCATALOG_COMPILER_APPICON_NAME = AppIcon;
				CODE_SIGN_STYLE = Automatic;
				DEVELOPMENT_TEAM = 947H8H8XTC;
				INFOPLIST_FILE = Flix/Info.plist;
				LD_RUNPATH_SEARCH_PATHS = "$(inherited) @executable_path/Frameworks";
				PRODUCT_BUNDLE_IDENTIFIER = youssef.Flix;
				PRODUCT_NAME = "$(TARGET_NAME)";
				SWIFT_VERSION = 4.0;
				TARGETED_DEVICE_FAMILY = "1,2";
			};
			name = Release;
		};
		463D3AF01FB644D20097C08E /* Debug */ = {
			isa = XCBuildConfiguration;
			buildSettings = {
				ALWAYS_EMBED_SWIFT_STANDARD_LIBRARIES = YES;
				BUNDLE_LOADER = "$(TEST_HOST)";
				CODE_SIGN_STYLE = Automatic;
				DEVELOPMENT_TEAM = 947H8H8XTC;
				INFOPLIST_FILE = FlixTests/Info.plist;
				LD_RUNPATH_SEARCH_PATHS = "$(inherited) @executable_path/Frameworks @loader_path/Frameworks";
				PRODUCT_BUNDLE_IDENTIFIER = youssef.FlixTests;
				PRODUCT_NAME = "$(TARGET_NAME)";
				SWIFT_VERSION = 4.0;
				TARGETED_DEVICE_FAMILY = "1,2";
				TEST_HOST = "$(BUILT_PRODUCTS_DIR)/Flix.app/Flix";
			};
			name = Debug;
		};
		463D3AF11FB644D20097C08E /* Release */ = {
			isa = XCBuildConfiguration;
			buildSettings = {
				ALWAYS_EMBED_SWIFT_STANDARD_LIBRARIES = YES;
				BUNDLE_LOADER = "$(TEST_HOST)";
				CODE_SIGN_STYLE = Automatic;
				DEVELOPMENT_TEAM = 947H8H8XTC;
				INFOPLIST_FILE = FlixTests/Info.plist;
				LD_RUNPATH_SEARCH_PATHS = "$(inherited) @executable_path/Frameworks @loader_path/Frameworks";
				PRODUCT_BUNDLE_IDENTIFIER = youssef.FlixTests;
				PRODUCT_NAME = "$(TARGET_NAME)";
				SWIFT_VERSION = 4.0;
				TARGETED_DEVICE_FAMILY = "1,2";
				TEST_HOST = "$(BUILT_PRODUCTS_DIR)/Flix.app/Flix";
			};
			name = Release;
		};
		463D3AF31FB644D20097C08E /* Debug */ = {
			isa = XCBuildConfiguration;
			buildSettings = {
				ALWAYS_EMBED_SWIFT_STANDARD_LIBRARIES = YES;
				CODE_SIGN_STYLE = Automatic;
				DEVELOPMENT_TEAM = 947H8H8XTC;
				INFOPLIST_FILE = FlixUITests/Info.plist;
				LD_RUNPATH_SEARCH_PATHS = "$(inherited) @executable_path/Frameworks @loader_path/Frameworks";
				PRODUCT_BUNDLE_IDENTIFIER = youssef.FlixUITests;
				PRODUCT_NAME = "$(TARGET_NAME)";
				SWIFT_VERSION = 4.0;
				TARGETED_DEVICE_FAMILY = "1,2";
				TEST_TARGET_NAME = Flix;
			};
			name = Debug;
		};
		463D3AF41FB644D20097C08E /* Release */ = {
			isa = XCBuildConfiguration;
			buildSettings = {
				ALWAYS_EMBED_SWIFT_STANDARD_LIBRARIES = YES;
				CODE_SIGN_STYLE = Automatic;
				DEVELOPMENT_TEAM = 947H8H8XTC;
				INFOPLIST_FILE = FlixUITests/Info.plist;
				LD_RUNPATH_SEARCH_PATHS = "$(inherited) @executable_path/Frameworks @loader_path/Frameworks";
				PRODUCT_BUNDLE_IDENTIFIER = youssef.FlixUITests;
				PRODUCT_NAME = "$(TARGET_NAME)";
				SWIFT_VERSION = 4.0;
				TARGETED_DEVICE_FAMILY = "1,2";
				TEST_TARGET_NAME = Flix;
			};
			name = Release;
		};
/* End XCBuildConfiguration section */

/* Begin XCConfigurationList section */
		463D3ABF1FB644D20097C08E /* Build configuration list for PBXProject "Flix" */ = {
			isa = XCConfigurationList;
			buildConfigurations = (
				463D3AEA1FB644D20097C08E /* Debug */,
				463D3AEB1FB644D20097C08E /* Release */,
			);
			defaultConfigurationIsVisible = 0;
			defaultConfigurationName = Release;
		};
		463D3AEC1FB644D20097C08E /* Build configuration list for PBXNativeTarget "Flix" */ = {
			isa = XCConfigurationList;
			buildConfigurations = (
				463D3AED1FB644D20097C08E /* Debug */,
				463D3AEE1FB644D20097C08E /* Release */,
			);
			defaultConfigurationIsVisible = 0;
			defaultConfigurationName = Release;
		};
		463D3AEF1FB644D20097C08E /* Build configuration list for PBXNativeTarget "FlixTests" */ = {
			isa = XCConfigurationList;
			buildConfigurations = (
				463D3AF01FB644D20097C08E /* Debug */,
				463D3AF11FB644D20097C08E /* Release */,
			);
			defaultConfigurationIsVisible = 0;
			defaultConfigurationName = Release;
		};
		463D3AF21FB644D20097C08E /* Build configuration list for PBXNativeTarget "FlixUITests" */ = {
			isa = XCConfigurationList;
			buildConfigurations = (
				463D3AF31FB644D20097C08E /* Debug */,
				463D3AF41FB644D20097C08E /* Release */,
			);
			defaultConfigurationIsVisible = 0;
			defaultConfigurationName = Release;
		};
/* End XCConfigurationList section */
	};
	rootObject = 463D3ABC1FB644D20097C08E /* Project object */;
}
